{
  "name": "ts-error-parser",
  "version": "1.0.0",
  "lockfileVersion": 1,
  "requires": true,
  "dependencies": {
    "@types/node": {
      "version": "18.14.2",
      "resolved": "https://registry.npmjs.org/@types/node/-/node-18.14.2.tgz",
      "integrity": "sha512-1uEQxww3DaghA0RxqHx0O0ppVlo43pJhepY51OxuQIKHpjbnYLA7vcdwioNPzIqmC2u3I/dmylcqjlh0e7AyUA==",
      "dev": true
    }
  }
}
